---
clock:
  Unit_hipClock64_Positive_Basic:
    <<: *level_2
    disabled:
      targets: [amd_windows, amd_wsl]
      reason: "SWDEV-555665 Needs to be re-triaged AIRUNTIME-2744"
    tags: [deviceLib, timing]
  Unit_hipClock_Positive_Basic:
    <<: *level_2
    disabled:
      targets: [amd_windows, amd_wsl]
      reason: "SWDEV-555665 Needs to be re-triaged AIRUNTIME-2744"
    tags: [deviceLib, timing]
  Unit_hipWallClock64_Positive_Basic:
    <<: *level_2
    tags: [deviceLib, timing]
